
Microsoft Visual Studio Solution File, Format Version 12.00
# Visual Studio 2013
VisualStudioVersion = 12.0.31101.0
MinimumVisualStudioVersion = 10.0.40219.1
Project("{8BC9CEB8-8B4A-11D0-8D11-00A0C91BC942}") = "rtmidilib", "rtmidi\msw\rtmidilib.vcxproj", "{EBFE5EB3-182A-47A6-922B-52ECF777F6A3}"
EndProject
Project("{8BC9CEB8-8B4A-11D0-8D11-00A0C91BC942}") = "LaunchPadControlLibrary", "LaunchPadControlLibrary\LaunchPadControlLibrary.vcxproj", "{D217758F-3C89-4085-87B1-80899EEC12E1}"
	ProjectSection(ProjectDependencies) = postProject
		{EBFE5EB3-182A-47A6-922B-52ECF777F6A3} = {EBFE5EB3-182A-47A6-922B-52ECF777F6A3}
	EndProjectSection
EndProject
Project("{8BC9CEB8-8B4A-11D0-8D11-00A0C91BC942}") = "LaunchPadWrapper", "LaunchPadWrapper\LaunchPadWrapper.vcxproj", "{73586968-DD18-4386-9CF3-35E6A585C5A0}"
	ProjectSection(ProjectDependencies) = postProject
		{D217758F-3C89-4085-87B1-80899EEC12E1} = {D217758F-3C89-4085-87B1-80899EEC12E1}
		{EBFE5EB3-182A-47A6-922B-52ECF777F6A3} = {EBFE5EB3-182A-47A6-922B-52ECF777F6A3}
	EndProjectSection
EndProject
Project("{8BC9CEB8-8B4A-11D0-8D11-00A0C91BC942}") = "CppConsoleApp", "CppConsoleApp\CppConsoleApp.vcxproj", "{42C00F2E-EFB2-4629-86FE-6A001D31270B}"
	ProjectSection(ProjectDependencies) = postProject
		{D217758F-3C89-4085-87B1-80899EEC12E1} = {D217758F-3C89-4085-87B1-80899EEC12E1}
		{EBFE5EB3-182A-47A6-922B-52ECF777F6A3} = {EBFE5EB3-182A-47A6-922B-52ECF777F6A3}
	EndProjectSection
EndProject
Project("{FAE04EC0-301F-11D3-BF4B-00C04F79EFBC}") = "CSharpConsoleApp", "CSharpConsoleApp\CSharpConsoleApp.csproj", "{687EC36E-5B5F-4C62-8062-E18D6CD8EDB8}"
EndProject
Project("{FAE04EC0-301F-11D3-BF4B-00C04F79EFBC}") = "LaunchPadDotNetLibrary", "LaunchPadDotNetLibrary\LaunchPadDotNetLibrary.csproj", "{4E7BE57C-E407-41B9-A0B3-57C7C0D461DC}"
	ProjectSection(ProjectDependencies) = postProject
		{73586968-DD18-4386-9CF3-35E6A585C5A0} = {73586968-DD18-4386-9CF3-35E6A585C5A0}
	EndProjectSection
EndProject
Project("{2150E333-8FDC-42A3-9474-1A3956D46DE8}") = "Test Console Apps", "Test Console Apps", "{F862E7D6-509F-4603-8AC7-B2F9C0AF953A}"
EndProject
Project("{2150E333-8FDC-42A3-9474-1A3956D46DE8}") = ".Net Wrapper Library", ".Net Wrapper Library", "{18DDA7AF-FE12-4F42-B64B-62915D6742E6}"
EndProject
Global
	GlobalSection(SolutionConfigurationPlatforms) = preSolution
		Debug|Win32 = Debug|Win32
		Debug|x64 = Debug|x64
		Debug|x86 = Debug|x86
		Release|Win32 = Release|Win32
		Release|x64 = Release|x64
		Release|x86 = Release|x86
	EndGlobalSection
	GlobalSection(ProjectConfigurationPlatforms) = postSolution
		{EBFE5EB3-182A-47A6-922B-52ECF777F6A3}.Debug|Win32.ActiveCfg = Debug|Win32
		{EBFE5EB3-182A-47A6-922B-52ECF777F6A3}.Debug|Win32.Build.0 = Debug|Win32
		{EBFE5EB3-182A-47A6-922B-52ECF777F6A3}.Debug|x64.ActiveCfg = Debug|x64
		{EBFE5EB3-182A-47A6-922B-52ECF777F6A3}.Debug|x64.Build.0 = Debug|x64
		{EBFE5EB3-182A-47A6-922B-52ECF777F6A3}.Debug|x86.ActiveCfg = Debug|Win32
		{EBFE5EB3-182A-47A6-922B-52ECF777F6A3}.Debug|x86.Build.0 = Debug|Win32
		{EBFE5EB3-182A-47A6-922B-52ECF777F6A3}.Release|Win32.ActiveCfg = Release|Win32
		{EBFE5EB3-182A-47A6-922B-52ECF777F6A3}.Release|Win32.Build.0 = Release|Win32
		{EBFE5EB3-182A-47A6-922B-52ECF777F6A3}.Release|x64.ActiveCfg = Release|x64
		{EBFE5EB3-182A-47A6-922B-52ECF777F6A3}.Release|x64.Build.0 = Release|x64
		{EBFE5EB3-182A-47A6-922B-52ECF777F6A3}.Release|x86.ActiveCfg = Release|Win32
		{EBFE5EB3-182A-47A6-922B-52ECF777F6A3}.Release|x86.Build.0 = Release|Win32
		{D217758F-3C89-4085-87B1-80899EEC12E1}.Debug|Win32.ActiveCfg = Debug|Win32
		{D217758F-3C89-4085-87B1-80899EEC12E1}.Debug|Win32.Build.0 = Debug|Win32
		{D217758F-3C89-4085-87B1-80899EEC12E1}.Debug|x64.ActiveCfg = Debug|x64
		{D217758F-3C89-4085-87B1-80899EEC12E1}.Debug|x64.Build.0 = Debug|x64
		{D217758F-3C89-4085-87B1-80899EEC12E1}.Debug|x86.ActiveCfg = Debug|Win32
		{D217758F-3C89-4085-87B1-80899EEC12E1}.Debug|x86.Build.0 = Debug|Win32
		{D217758F-3C89-4085-87B1-80899EEC12E1}.Release|Win32.ActiveCfg = Release|Win32
		{D217758F-3C89-4085-87B1-80899EEC12E1}.Release|Win32.Build.0 = Release|Win32
		{D217758F-3C89-4085-87B1-80899EEC12E1}.Release|x64.ActiveCfg = Release|x64
		{D217758F-3C89-4085-87B1-80899EEC12E1}.Release|x64.Build.0 = Release|x64
		{D217758F-3C89-4085-87B1-80899EEC12E1}.Release|x86.ActiveCfg = Release|Win32
		{D217758F-3C89-4085-87B1-80899EEC12E1}.Release|x86.Build.0 = Release|Win32
		{73586968-DD18-4386-9CF3-35E6A585C5A0}.Debug|Win32.ActiveCfg = Debug|Win32
		{73586968-DD18-4386-9CF3-35E6A585C5A0}.Debug|Win32.Build.0 = Debug|Win32
		{73586968-DD18-4386-9CF3-35E6A585C5A0}.Debug|x64.ActiveCfg = Debug|x64
		{73586968-DD18-4386-9CF3-35E6A585C5A0}.Debug|x64.Build.0 = Debug|x64
		{73586968-DD18-4386-9CF3-35E6A585C5A0}.Debug|x86.ActiveCfg = Debug|Win32
		{73586968-DD18-4386-9CF3-35E6A585C5A0}.Debug|x86.Build.0 = Debug|Win32
		{73586968-DD18-4386-9CF3-35E6A585C5A0}.Release|Win32.ActiveCfg = Release|Win32
		{73586968-DD18-4386-9CF3-35E6A585C5A0}.Release|Win32.Build.0 = Release|Win32
		{73586968-DD18-4386-9CF3-35E6A585C5A0}.Release|x64.ActiveCfg = Release|x64
		{73586968-DD18-4386-9CF3-35E6A585C5A0}.Release|x64.Build.0 = Release|x64
		{73586968-DD18-4386-9CF3-35E6A585C5A0}.Release|x86.ActiveCfg = Release|Win32
		{73586968-DD18-4386-9CF3-35E6A585C5A0}.Release|x86.Build.0 = Release|Win32
		{42C00F2E-EFB2-4629-86FE-6A001D31270B}.Debug|Win32.ActiveCfg = Debug|Win32
		{42C00F2E-EFB2-4629-86FE-6A001D31270B}.Debug|Win32.Build.0 = Debug|Win32
		{42C00F2E-EFB2-4629-86FE-6A001D31270B}.Debug|x64.ActiveCfg = Debug|x64
		{42C00F2E-EFB2-4629-86FE-6A001D31270B}.Debug|x64.Build.0 = Debug|x64
		{42C00F2E-EFB2-4629-86FE-6A001D31270B}.Debug|x86.ActiveCfg = Debug|Win32
		{42C00F2E-EFB2-4629-86FE-6A001D31270B}.Debug|x86.Build.0 = Debug|Win32
		{42C00F2E-EFB2-4629-86FE-6A001D31270B}.Release|Win32.ActiveCfg = Release|Win32
		{42C00F2E-EFB2-4629-86FE-6A001D31270B}.Release|Win32.Build.0 = Release|Win32
		{42C00F2E-EFB2-4629-86FE-6A001D31270B}.Release|x64.ActiveCfg = Release|x64
		{42C00F2E-EFB2-4629-86FE-6A001D31270B}.Release|x64.Build.0 = Release|x64
		{42C00F2E-EFB2-4629-86FE-6A001D31270B}.Release|x86.ActiveCfg = Release|Win32
		{42C00F2E-EFB2-4629-86FE-6A001D31270B}.Release|x86.Build.0 = Release|Win32
		{687EC36E-5B5F-4C62-8062-E18D6CD8EDB8}.Debug|Win32.ActiveCfg = Debug|x86
		{687EC36E-5B5F-4C62-8062-E18D6CD8EDB8}.Debug|Win32.Build.0 = Debug|x86
		{687EC36E-5B5F-4C62-8062-E18D6CD8EDB8}.Debug|x64.ActiveCfg = Debug|x64
		{687EC36E-5B5F-4C62-8062-E18D6CD8EDB8}.Debug|x64.Build.0 = Debug|x64
		{687EC36E-5B5F-4C62-8062-E18D6CD8EDB8}.Debug|x86.ActiveCfg = Debug|x86
		{687EC36E-5B5F-4C62-8062-E18D6CD8EDB8}.Debug|x86.Build.0 = Debug|x86
		{687EC36E-5B5F-4C62-8062-E18D6CD8EDB8}.Release|Win32.ActiveCfg = Release|x86
		{687EC36E-5B5F-4C62-8062-E18D6CD8EDB8}.Release|Win32.Build.0 = Release|x86
		{687EC36E-5B5F-4C62-8062-E18D6CD8EDB8}.Release|x64.ActiveCfg = Release|x64
		{687EC36E-5B5F-4C62-8062-E18D6CD8EDB8}.Release|x64.Build.0 = Release|x64
		{687EC36E-5B5F-4C62-8062-E18D6CD8EDB8}.Release|x86.ActiveCfg = Release|x86
		{687EC36E-5B5F-4C62-8062-E18D6CD8EDB8}.Release|x86.Build.0 = Release|x86
		{4E7BE57C-E407-41B9-A0B3-57C7C0D461DC}.Debug|Win32.ActiveCfg = Debug|x86
		{4E7BE57C-E407-41B9-A0B3-57C7C0D461DC}.Debug|Win32.Build.0 = Debug|x86
		{4E7BE57C-E407-41B9-A0B3-57C7C0D461DC}.Debug|x64.ActiveCfg = Debug|x64
		{4E7BE57C-E407-41B9-A0B3-57C7C0D461DC}.Debug|x64.Build.0 = Debug|x64
		{4E7BE57C-E407-41B9-A0B3-57C7C0D461DC}.Debug|x86.ActiveCfg = Debug|x86
		{4E7BE57C-E407-41B9-A0B3-57C7C0D461DC}.Debug|x86.Build.0 = Debug|x86
		{4E7BE57C-E407-41B9-A0B3-57C7C0D461DC}.Release|Win32.ActiveCfg = Release|x86
		{4E7BE57C-E407-41B9-A0B3-57C7C0D461DC}.Release|Win32.Build.0 = Release|x86
		{4E7BE57C-E407-41B9-A0B3-57C7C0D461DC}.Release|x64.ActiveCfg = Release|x64
		{4E7BE57C-E407-41B9-A0B3-57C7C0D461DC}.Release|x64.Build.0 = Release|x64
		{4E7BE57C-E407-41B9-A0B3-57C7C0D461DC}.Release|x86.ActiveCfg = Release|x86
		{4E7BE57C-E407-41B9-A0B3-57C7C0D461DC}.Release|x86.Build.0 = Release|x86
	EndGlobalSection
	GlobalSection(SolutionProperties) = preSolution
		HideSolutionNode = FALSE
	EndGlobalSection
	GlobalSection(NestedProjects) = preSolution
		{42C00F2E-EFB2-4629-86FE-6A001D31270B} = {F862E7D6-509F-4603-8AC7-B2F9C0AF953A}
		{687EC36E-5B5F-4C62-8062-E18D6CD8EDB8} = {F862E7D6-509F-4603-8AC7-B2F9C0AF953A}
		{4E7BE57C-E407-41B9-A0B3-57C7C0D461DC} = {18DDA7AF-FE12-4F42-B64B-62915D6742E6}
	EndGlobalSection
EndGlobal
