
Microsoft Visual Studio Solution File, Format Version 12.00
# Visual Studio 2013
VisualStudioVersion = 12.0.31101.0
MinimumVisualStudioVersion = 10.0.40219.1
Project("{8BC9CEB8-8B4A-11D0-8D11-00A0C91BC942}") = "rtmidilib", "rtmidi\msw\rtmidilib.vcxproj", "{EBFE5EB3-182A-47A6-922B-52ECF777F6A3}"
EndProject
Project("{8BC9CEB8-8B4A-11D0-8D11-00A0C91BC942}") = "LaunchPadControlLibrary", "LaunchPadControlLibrary\LaunchPadControlLibrary.vcxproj", "{D217758F-3C89-4085-87B1-80899EEC12E1}"
	ProjectSection(ProjectDependencies) = postProject
		{EBFE5EB3-182A-47A6-922B-52ECF777F6A3} = {EBFE5EB3-182A-47A6-922B-52ECF777F6A3}
	EndProjectSection
EndProject
Project("{8BC9CEB8-8B4A-11D0-8D11-00A0C91BC942}") = "LaunchPadWrapper", "LaunchPadWrapper\LaunchPadWrapper.vcxproj", "{73586968-DD18-4386-9CF3-35E6A585C5A0}"
	ProjectSection(ProjectDependencies) = postProject
		{D217758F-3C89-4085-87B1-80899EEC12E1} = {D217758F-3C89-4085-87B1-80899EEC12E1}
		{EBFE5EB3-182A-47A6-922B-52ECF777F6A3} = {EBFE5EB3-182A-47A6-922B-52ECF777F6A3}
	EndProjectSection
EndProject
Project("{8BC9CEB8-8B4A-11D0-8D11-00A0C91BC942}") = "CppConsoleApp", "CppConsoleApp\CppConsoleApp.vcxproj", "{42C00F2E-EFB2-4629-86FE-6A001D31270B}"
	ProjectSection(ProjectDependencies) = postProject
		{D217758F-3C89-4085-87B1-80899EEC12E1} = {D217758F-3C89-4085-87B1-80899EEC12E1}
		{EBFE5EB3-182A-47A6-922B-52ECF777F6A3} = {EBFE5EB3-182A-47A6-922B-52ECF777F6A3}
	EndProjectSection
EndProject
Project("{FAE04EC0-301F-11D3-BF4B-00C04F79EFBC}") = "CSharpConsoleApp", "CSharpConsoleApp\CSharpConsoleApp.csproj", "{687EC36E-5B5F-4C62-8062-E18D6CD8EDB8}"
EndProject
Project("{2150E333-8FDC-42A3-9474-1A3956D46DE8}") = "Test Console Apps", "Test Console Apps", "{F862E7D6-509F-4603-8AC7-B2F9C0AF953A}"
EndProject
Project("{2150E333-8FDC-42A3-9474-1A3956D46DE8}") = ".Net Wrapper Library", ".Net Wrapper Library", "{18DDA7AF-FE12-4F42-B64B-62915D6742E6}"
EndProject
Project("{2150E333-8FDC-42A3-9474-1A3956D46DE8}") = "Spyder Controller", "Spyder Controller", "{087541FA-8C22-4A52-9D1D-D58230314E70}"
EndProject
Project("{FAE04EC0-301F-11D3-BF4B-00C04F79EFBC}") = "SpyderButtonBoardLibrary", "..\..\..\KnightwareTFS\SpyderClient\Dev\Current Sprint\SpyderButtonBoardLibrary\SpyderButtonBoardLibrary.csproj", "{E75D14CF-3ADF-4BAD-81D8-D87FC554488C}"
EndProject
Project("{FAE04EC0-301F-11D3-BF4B-00C04F79EFBC}") = "SpyderButtonBoard", "..\..\..\KnightwareTFS\SpyderClient\Dev\Current Sprint\SpyderButtonBoard\SpyderButtonBoard.csproj", "{3E62620F-EA68-4E3F-AC30-AFA1A2F7464A}"
	ProjectSection(ProjectDependencies) = postProject
		{73586968-DD18-4386-9CF3-35E6A585C5A0} = {73586968-DD18-4386-9CF3-35E6A585C5A0}
		{EBFE5EB3-182A-47A6-922B-52ECF777F6A3} = {EBFE5EB3-182A-47A6-922B-52ECF777F6A3}
	EndProjectSection
EndProject
Project("{FAE04EC0-301F-11D3-BF4B-00C04F79EFBC}") = "SpyderClientLibraryDesktop", "..\..\..\KnightwareTFS\SpyderClient\Dev\Current Sprint\SpyderClientLibraryDesktop\SpyderClientLibraryDesktop.csproj", "{FB0FC802-4FC5-4446-B2DD-48201C738DD1}"
EndProject
Project("{FAE04EC0-301F-11D3-BF4B-00C04F79EFBC}") = "SpyderClientSharedLibrary", "..\..\..\KnightwareTFS\SpyderClient\Dev\Current Sprint\SpyderClientSharedLibrary\SpyderClientSharedLibrary.csproj", "{2DE05B6E-23BF-440A-921D-79043CF14599}"
EndProject
Project("{FAE04EC0-301F-11D3-BF4B-00C04F79EFBC}") = "NetworkingSharedLibrary", "..\..\..\KnightwareTFS\SpyderClient\Dev\Current Sprint\NetworkingSharedLibrary\NetworkingSharedLibrary.csproj", "{973A752C-D629-4ED3-8307-CE553567B858}"
EndProject
Project("{FAE04EC0-301F-11D3-BF4B-00C04F79EFBC}") = "PCLStorage.Abstractions", "..\..\..\KnightwareTFS\SpyderClient\Dev\Current Sprint\PCLStorage\PCLStorage.Abstractions\PCLStorage.Abstractions.csproj", "{EEBB53F3-EBDF-4DD0-82E5-FF9A2C8DBD72}"
EndProject
Project("{FAE04EC0-301F-11D3-BF4B-00C04F79EFBC}") = "PCLStorage.FileSystem.Desktop", "..\..\..\KnightwareTFS\SpyderClient\Dev\Current Sprint\PCLStorage\PCLStorage.FileSystem.Desktop\PCLStorage.FileSystem.Desktop.csproj", "{9D3F208D-8BB4-47A9-8323-4CFD24314341}"
EndProject
Project("{FAE04EC0-301F-11D3-BF4B-00C04F79EFBC}") = "PCLStorage", "..\..\..\KnightwareTFS\SpyderClient\Dev\Current Sprint\PCLStorage\PCLStorage\PCLStorage.csproj", "{31F6B895-4FF7-481B-B483-E0E6B63CC312}"
EndProject
Project("{8BC9CEB8-8B4A-11D0-8D11-00A0C91BC942}") = "LaunchPadControlDotNetLibrary", "LaunchPadControlDotNetLibrary\LaunchPadControlDotNetLibrary.vcxproj", "{C9460DD6-6958-42EA-A5F7-BB1E80AE1775}"
EndProject
Global
	GlobalSection(SolutionConfigurationPlatforms) = preSolution
		Debug|Any CPU = Debug|Any CPU
		Debug|Mixed Platforms = Debug|Mixed Platforms
		Debug|Win32 = Debug|Win32
		Debug|x64 = Debug|x64
		Debug|x86 = Debug|x86
		Release|Any CPU = Release|Any CPU
		Release|Mixed Platforms = Release|Mixed Platforms
		Release|Win32 = Release|Win32
		Release|x64 = Release|x64
		Release|x86 = Release|x86
	EndGlobalSection
	GlobalSection(ProjectConfigurationPlatforms) = postSolution
		{EBFE5EB3-182A-47A6-922B-52ECF777F6A3}.Debug|Any CPU.ActiveCfg = Debug|Win32
		{EBFE5EB3-182A-47A6-922B-52ECF777F6A3}.Debug|Mixed Platforms.ActiveCfg = Debug|Win32
		{EBFE5EB3-182A-47A6-922B-52ECF777F6A3}.Debug|Mixed Platforms.Build.0 = Debug|Win32
		{EBFE5EB3-182A-47A6-922B-52ECF777F6A3}.Debug|Win32.ActiveCfg = Debug|Win32
		{EBFE5EB3-182A-47A6-922B-52ECF777F6A3}.Debug|Win32.Build.0 = Debug|Win32
		{EBFE5EB3-182A-47A6-922B-52ECF777F6A3}.Debug|x64.ActiveCfg = Debug|x64
		{EBFE5EB3-182A-47A6-922B-52ECF777F6A3}.Debug|x64.Build.0 = Debug|x64
		{EBFE5EB3-182A-47A6-922B-52ECF777F6A3}.Debug|x86.ActiveCfg = Debug|Win32
		{EBFE5EB3-182A-47A6-922B-52ECF777F6A3}.Debug|x86.Build.0 = Debug|Win32
		{EBFE5EB3-182A-47A6-922B-52ECF777F6A3}.Release|Any CPU.ActiveCfg = Release|Win32
		{EBFE5EB3-182A-47A6-922B-52ECF777F6A3}.Release|Mixed Platforms.ActiveCfg = Release|Win32
		{EBFE5EB3-182A-47A6-922B-52ECF777F6A3}.Release|Mixed Platforms.Build.0 = Release|Win32
		{EBFE5EB3-182A-47A6-922B-52ECF777F6A3}.Release|Win32.ActiveCfg = Release|Win32
		{EBFE5EB3-182A-47A6-922B-52ECF777F6A3}.Release|Win32.Build.0 = Release|Win32
		{EBFE5EB3-182A-47A6-922B-52ECF777F6A3}.Release|x64.ActiveCfg = Release|x64
		{EBFE5EB3-182A-47A6-922B-52ECF777F6A3}.Release|x64.Build.0 = Release|x64
		{EBFE5EB3-182A-47A6-922B-52ECF777F6A3}.Release|x86.ActiveCfg = Release|Win32
		{EBFE5EB3-182A-47A6-922B-52ECF777F6A3}.Release|x86.Build.0 = Release|Win32
		{D217758F-3C89-4085-87B1-80899EEC12E1}.Debug|Any CPU.ActiveCfg = Debug|Win32
		{D217758F-3C89-4085-87B1-80899EEC12E1}.Debug|Mixed Platforms.ActiveCfg = Debug|Win32
		{D217758F-3C89-4085-87B1-80899EEC12E1}.Debug|Mixed Platforms.Build.0 = Debug|Win32
		{D217758F-3C89-4085-87B1-80899EEC12E1}.Debug|Win32.ActiveCfg = Debug|Win32
		{D217758F-3C89-4085-87B1-80899EEC12E1}.Debug|Win32.Build.0 = Debug|Win32
		{D217758F-3C89-4085-87B1-80899EEC12E1}.Debug|x64.ActiveCfg = Debug|x64
		{D217758F-3C89-4085-87B1-80899EEC12E1}.Debug|x64.Build.0 = Debug|x64
		{D217758F-3C89-4085-87B1-80899EEC12E1}.Debug|x86.ActiveCfg = Debug|Win32
		{D217758F-3C89-4085-87B1-80899EEC12E1}.Debug|x86.Build.0 = Debug|Win32
		{D217758F-3C89-4085-87B1-80899EEC12E1}.Release|Any CPU.ActiveCfg = Release|Win32
		{D217758F-3C89-4085-87B1-80899EEC12E1}.Release|Mixed Platforms.ActiveCfg = Release|Win32
		{D217758F-3C89-4085-87B1-80899EEC12E1}.Release|Mixed Platforms.Build.0 = Release|Win32
		{D217758F-3C89-4085-87B1-80899EEC12E1}.Release|Win32.ActiveCfg = Release|Win32
		{D217758F-3C89-4085-87B1-80899EEC12E1}.Release|Win32.Build.0 = Release|Win32
		{D217758F-3C89-4085-87B1-80899EEC12E1}.Release|x64.ActiveCfg = Release|x64
		{D217758F-3C89-4085-87B1-80899EEC12E1}.Release|x64.Build.0 = Release|x64
		{D217758F-3C89-4085-87B1-80899EEC12E1}.Release|x86.ActiveCfg = Release|Win32
		{D217758F-3C89-4085-87B1-80899EEC12E1}.Release|x86.Build.0 = Release|Win32
		{73586968-DD18-4386-9CF3-35E6A585C5A0}.Debug|Any CPU.ActiveCfg = Debug|Win32
		{73586968-DD18-4386-9CF3-35E6A585C5A0}.Debug|Mixed Platforms.ActiveCfg = Debug|Win32
		{73586968-DD18-4386-9CF3-35E6A585C5A0}.Debug|Mixed Platforms.Build.0 = Debug|Win32
		{73586968-DD18-4386-9CF3-35E6A585C5A0}.Debug|Win32.ActiveCfg = Debug|Win32
		{73586968-DD18-4386-9CF3-35E6A585C5A0}.Debug|Win32.Build.0 = Debug|Win32
		{73586968-DD18-4386-9CF3-35E6A585C5A0}.Debug|x64.ActiveCfg = Debug|x64
		{73586968-DD18-4386-9CF3-35E6A585C5A0}.Debug|x64.Build.0 = Debug|x64
		{73586968-DD18-4386-9CF3-35E6A585C5A0}.Debug|x86.ActiveCfg = Debug|Win32
		{73586968-DD18-4386-9CF3-35E6A585C5A0}.Debug|x86.Build.0 = Debug|Win32
		{73586968-DD18-4386-9CF3-35E6A585C5A0}.Release|Any CPU.ActiveCfg = Release|Win32
		{73586968-DD18-4386-9CF3-35E6A585C5A0}.Release|Mixed Platforms.ActiveCfg = Release|Win32
		{73586968-DD18-4386-9CF3-35E6A585C5A0}.Release|Mixed Platforms.Build.0 = Release|Win32
		{73586968-DD18-4386-9CF3-35E6A585C5A0}.Release|Win32.ActiveCfg = Release|Win32
		{73586968-DD18-4386-9CF3-35E6A585C5A0}.Release|Win32.Build.0 = Release|Win32
		{73586968-DD18-4386-9CF3-35E6A585C5A0}.Release|x64.ActiveCfg = Release|x64
		{73586968-DD18-4386-9CF3-35E6A585C5A0}.Release|x64.Build.0 = Release|x64
		{73586968-DD18-4386-9CF3-35E6A585C5A0}.Release|x86.ActiveCfg = Release|Win32
		{73586968-DD18-4386-9CF3-35E6A585C5A0}.Release|x86.Build.0 = Release|Win32
		{42C00F2E-EFB2-4629-86FE-6A001D31270B}.Debug|Any CPU.ActiveCfg = Debug|Win32
		{42C00F2E-EFB2-4629-86FE-6A001D31270B}.Debug|Mixed Platforms.ActiveCfg = Debug|Win32
		{42C00F2E-EFB2-4629-86FE-6A001D31270B}.Debug|Mixed Platforms.Build.0 = Debug|Win32
		{42C00F2E-EFB2-4629-86FE-6A001D31270B}.Debug|Win32.ActiveCfg = Debug|Win32
		{42C00F2E-EFB2-4629-86FE-6A001D31270B}.Debug|Win32.Build.0 = Debug|Win32
		{42C00F2E-EFB2-4629-86FE-6A001D31270B}.Debug|x64.ActiveCfg = Debug|x64
		{42C00F2E-EFB2-4629-86FE-6A001D31270B}.Debug|x64.Build.0 = Debug|x64
		{42C00F2E-EFB2-4629-86FE-6A001D31270B}.Debug|x86.ActiveCfg = Debug|Win32
		{42C00F2E-EFB2-4629-86FE-6A001D31270B}.Debug|x86.Build.0 = Debug|Win32
		{42C00F2E-EFB2-4629-86FE-6A001D31270B}.Release|Any CPU.ActiveCfg = Release|Win32
		{42C00F2E-EFB2-4629-86FE-6A001D31270B}.Release|Mixed Platforms.ActiveCfg = Release|Win32
		{42C00F2E-EFB2-4629-86FE-6A001D31270B}.Release|Mixed Platforms.Build.0 = Release|Win32
		{42C00F2E-EFB2-4629-86FE-6A001D31270B}.Release|Win32.ActiveCfg = Release|Win32
		{42C00F2E-EFB2-4629-86FE-6A001D31270B}.Release|Win32.Build.0 = Release|Win32
		{42C00F2E-EFB2-4629-86FE-6A001D31270B}.Release|x64.ActiveCfg = Release|x64
		{42C00F2E-EFB2-4629-86FE-6A001D31270B}.Release|x64.Build.0 = Release|x64
		{42C00F2E-EFB2-4629-86FE-6A001D31270B}.Release|x86.ActiveCfg = Release|Win32
		{42C00F2E-EFB2-4629-86FE-6A001D31270B}.Release|x86.Build.0 = Release|Win32
		{687EC36E-5B5F-4C62-8062-E18D6CD8EDB8}.Debug|Any CPU.ActiveCfg = Debug|x86
		{687EC36E-5B5F-4C62-8062-E18D6CD8EDB8}.Debug|Mixed Platforms.ActiveCfg = Debug|x86
		{687EC36E-5B5F-4C62-8062-E18D6CD8EDB8}.Debug|Mixed Platforms.Build.0 = Debug|x86
		{687EC36E-5B5F-4C62-8062-E18D6CD8EDB8}.Debug|Win32.ActiveCfg = Debug|x86
		{687EC36E-5B5F-4C62-8062-E18D6CD8EDB8}.Debug|Win32.Build.0 = Debug|x86
		{687EC36E-5B5F-4C62-8062-E18D6CD8EDB8}.Debug|x64.ActiveCfg = Debug|x64
		{687EC36E-5B5F-4C62-8062-E18D6CD8EDB8}.Debug|x64.Build.0 = Debug|x64
		{687EC36E-5B5F-4C62-8062-E18D6CD8EDB8}.Debug|x86.ActiveCfg = Debug|x86
		{687EC36E-5B5F-4C62-8062-E18D6CD8EDB8}.Debug|x86.Build.0 = Debug|x86
		{687EC36E-5B5F-4C62-8062-E18D6CD8EDB8}.Release|Any CPU.ActiveCfg = Release|x86
		{687EC36E-5B5F-4C62-8062-E18D6CD8EDB8}.Release|Mixed Platforms.ActiveCfg = Release|x86
		{687EC36E-5B5F-4C62-8062-E18D6CD8EDB8}.Release|Mixed Platforms.Build.0 = Release|x86
		{687EC36E-5B5F-4C62-8062-E18D6CD8EDB8}.Release|Win32.ActiveCfg = Release|x86
		{687EC36E-5B5F-4C62-8062-E18D6CD8EDB8}.Release|Win32.Build.0 = Release|x86
		{687EC36E-5B5F-4C62-8062-E18D6CD8EDB8}.Release|x64.ActiveCfg = Release|x64
		{687EC36E-5B5F-4C62-8062-E18D6CD8EDB8}.Release|x64.Build.0 = Release|x64
		{687EC36E-5B5F-4C62-8062-E18D6CD8EDB8}.Release|x86.ActiveCfg = Release|x86
		{687EC36E-5B5F-4C62-8062-E18D6CD8EDB8}.Release|x86.Build.0 = Release|x86
		{E75D14CF-3ADF-4BAD-81D8-D87FC554488C}.Debug|Any CPU.ActiveCfg = Debug|Any CPU
		{E75D14CF-3ADF-4BAD-81D8-D87FC554488C}.Debug|Any CPU.Build.0 = Debug|Any CPU
		{E75D14CF-3ADF-4BAD-81D8-D87FC554488C}.Debug|Mixed Platforms.ActiveCfg = Debug|x86
		{E75D14CF-3ADF-4BAD-81D8-D87FC554488C}.Debug|Mixed Platforms.Build.0 = Debug|x86
		{E75D14CF-3ADF-4BAD-81D8-D87FC554488C}.Debug|Win32.ActiveCfg = Debug|x86
		{E75D14CF-3ADF-4BAD-81D8-D87FC554488C}.Debug|Win32.Build.0 = Debug|x86
		{E75D14CF-3ADF-4BAD-81D8-D87FC554488C}.Debug|x64.ActiveCfg = Debug|Any CPU
		{E75D14CF-3ADF-4BAD-81D8-D87FC554488C}.Debug|x86.ActiveCfg = Debug|x86
		{E75D14CF-3ADF-4BAD-81D8-D87FC554488C}.Debug|x86.Build.0 = Debug|x86
		{E75D14CF-3ADF-4BAD-81D8-D87FC554488C}.Release|Any CPU.ActiveCfg = Release|Any CPU
		{E75D14CF-3ADF-4BAD-81D8-D87FC554488C}.Release|Any CPU.Build.0 = Release|Any CPU
		{E75D14CF-3ADF-4BAD-81D8-D87FC554488C}.Release|Mixed Platforms.ActiveCfg = Release|x86
		{E75D14CF-3ADF-4BAD-81D8-D87FC554488C}.Release|Mixed Platforms.Build.0 = Release|x86
		{E75D14CF-3ADF-4BAD-81D8-D87FC554488C}.Release|Win32.ActiveCfg = Release|x86
		{E75D14CF-3ADF-4BAD-81D8-D87FC554488C}.Release|Win32.Build.0 = Release|x86
		{E75D14CF-3ADF-4BAD-81D8-D87FC554488C}.Release|x64.ActiveCfg = Release|Any CPU
		{E75D14CF-3ADF-4BAD-81D8-D87FC554488C}.Release|x86.ActiveCfg = Release|x86
		{E75D14CF-3ADF-4BAD-81D8-D87FC554488C}.Release|x86.Build.0 = Release|x86
		{3E62620F-EA68-4E3F-AC30-AFA1A2F7464A}.Debug|Any CPU.ActiveCfg = Debug|Any CPU
		{3E62620F-EA68-4E3F-AC30-AFA1A2F7464A}.Debug|Any CPU.Build.0 = Debug|Any CPU
		{3E62620F-EA68-4E3F-AC30-AFA1A2F7464A}.Debug|Mixed Platforms.ActiveCfg = Debug|x86
		{3E62620F-EA68-4E3F-AC30-AFA1A2F7464A}.Debug|Mixed Platforms.Build.0 = Debug|x86
		{3E62620F-EA68-4E3F-AC30-AFA1A2F7464A}.Debug|Win32.ActiveCfg = Debug|x86
		{3E62620F-EA68-4E3F-AC30-AFA1A2F7464A}.Debug|Win32.Build.0 = Debug|x86
		{3E62620F-EA68-4E3F-AC30-AFA1A2F7464A}.Debug|x64.ActiveCfg = Debug|Any CPU
		{3E62620F-EA68-4E3F-AC30-AFA1A2F7464A}.Debug|x86.ActiveCfg = Debug|x86
		{3E62620F-EA68-4E3F-AC30-AFA1A2F7464A}.Debug|x86.Build.0 = Debug|x86
		{3E62620F-EA68-4E3F-AC30-AFA1A2F7464A}.Release|Any CPU.ActiveCfg = Release|Any CPU
		{3E62620F-EA68-4E3F-AC30-AFA1A2F7464A}.Release|Any CPU.Build.0 = Release|Any CPU
		{3E62620F-EA68-4E3F-AC30-AFA1A2F7464A}.Release|Mixed Platforms.ActiveCfg = Release|x86
		{3E62620F-EA68-4E3F-AC30-AFA1A2F7464A}.Release|Mixed Platforms.Build.0 = Release|x86
		{3E62620F-EA68-4E3F-AC30-AFA1A2F7464A}.Release|Win32.ActiveCfg = Release|x86
		{3E62620F-EA68-4E3F-AC30-AFA1A2F7464A}.Release|Win32.Build.0 = Release|x86
		{3E62620F-EA68-4E3F-AC30-AFA1A2F7464A}.Release|x64.ActiveCfg = Release|Any CPU
		{3E62620F-EA68-4E3F-AC30-AFA1A2F7464A}.Release|x86.ActiveCfg = Release|x86
		{3E62620F-EA68-4E3F-AC30-AFA1A2F7464A}.Release|x86.Build.0 = Release|x86
		{FB0FC802-4FC5-4446-B2DD-48201C738DD1}.Debug|Any CPU.ActiveCfg = Debug|Any CPU
		{FB0FC802-4FC5-4446-B2DD-48201C738DD1}.Debug|Any CPU.Build.0 = Debug|Any CPU
		{FB0FC802-4FC5-4446-B2DD-48201C738DD1}.Debug|Mixed Platforms.ActiveCfg = Debug|Any CPU
		{FB0FC802-4FC5-4446-B2DD-48201C738DD1}.Debug|Mixed Platforms.Build.0 = Debug|Any CPU
		{FB0FC802-4FC5-4446-B2DD-48201C738DD1}.Debug|Win32.ActiveCfg = Debug|Any CPU
		{FB0FC802-4FC5-4446-B2DD-48201C738DD1}.Debug|x64.ActiveCfg = Debug|Any CPU
		{FB0FC802-4FC5-4446-B2DD-48201C738DD1}.Debug|x86.ActiveCfg = Debug|Any CPU
		{FB0FC802-4FC5-4446-B2DD-48201C738DD1}.Release|Any CPU.ActiveCfg = Release|Any CPU
		{FB0FC802-4FC5-4446-B2DD-48201C738DD1}.Release|Any CPU.Build.0 = Release|Any CPU
		{FB0FC802-4FC5-4446-B2DD-48201C738DD1}.Release|Mixed Platforms.ActiveCfg = Release|Any CPU
		{FB0FC802-4FC5-4446-B2DD-48201C738DD1}.Release|Mixed Platforms.Build.0 = Release|Any CPU
		{FB0FC802-4FC5-4446-B2DD-48201C738DD1}.Release|Win32.ActiveCfg = Release|Any CPU
		{FB0FC802-4FC5-4446-B2DD-48201C738DD1}.Release|x64.ActiveCfg = Release|Any CPU
		{FB0FC802-4FC5-4446-B2DD-48201C738DD1}.Release|x86.ActiveCfg = Release|Any CPU
		{2DE05B6E-23BF-440A-921D-79043CF14599}.Debug|Any CPU.ActiveCfg = Debug|Any CPU
		{2DE05B6E-23BF-440A-921D-79043CF14599}.Debug|Any CPU.Build.0 = Debug|Any CPU
		{2DE05B6E-23BF-440A-921D-79043CF14599}.Debug|Mixed Platforms.ActiveCfg = Debug|Any CPU
		{2DE05B6E-23BF-440A-921D-79043CF14599}.Debug|Mixed Platforms.Build.0 = Debug|Any CPU
		{2DE05B6E-23BF-440A-921D-79043CF14599}.Debug|Win32.ActiveCfg = Debug|Any CPU
		{2DE05B6E-23BF-440A-921D-79043CF14599}.Debug|x64.ActiveCfg = Debug|Any CPU
		{2DE05B6E-23BF-440A-921D-79043CF14599}.Debug|x86.ActiveCfg = Debug|Any CPU
		{2DE05B6E-23BF-440A-921D-79043CF14599}.Release|Any CPU.ActiveCfg = Release|Any CPU
		{2DE05B6E-23BF-440A-921D-79043CF14599}.Release|Any CPU.Build.0 = Release|Any CPU
		{2DE05B6E-23BF-440A-921D-79043CF14599}.Release|Mixed Platforms.ActiveCfg = Release|Any CPU
		{2DE05B6E-23BF-440A-921D-79043CF14599}.Release|Mixed Platforms.Build.0 = Release|Any CPU
		{2DE05B6E-23BF-440A-921D-79043CF14599}.Release|Win32.ActiveCfg = Release|Any CPU
		{2DE05B6E-23BF-440A-921D-79043CF14599}.Release|x64.ActiveCfg = Release|Any CPU
		{2DE05B6E-23BF-440A-921D-79043CF14599}.Release|x86.ActiveCfg = Release|Any CPU
		{973A752C-D629-4ED3-8307-CE553567B858}.Debug|Any CPU.ActiveCfg = Debug|Any CPU
		{973A752C-D629-4ED3-8307-CE553567B858}.Debug|Any CPU.Build.0 = Debug|Any CPU
		{973A752C-D629-4ED3-8307-CE553567B858}.Debug|Mixed Platforms.ActiveCfg = Debug|Any CPU
		{973A752C-D629-4ED3-8307-CE553567B858}.Debug|Mixed Platforms.Build.0 = Debug|Any CPU
		{973A752C-D629-4ED3-8307-CE553567B858}.Debug|Win32.ActiveCfg = Debug|Any CPU
		{973A752C-D629-4ED3-8307-CE553567B858}.Debug|Win32.Build.0 = Debug|Any CPU
		{973A752C-D629-4ED3-8307-CE553567B858}.Debug|x64.ActiveCfg = Debug|Any CPU
		{973A752C-D629-4ED3-8307-CE553567B858}.Debug|x86.ActiveCfg = Debug|Any CPU
		{973A752C-D629-4ED3-8307-CE553567B858}.Release|Any CPU.ActiveCfg = Release|Any CPU
		{973A752C-D629-4ED3-8307-CE553567B858}.Release|Any CPU.Build.0 = Release|Any CPU
		{973A752C-D629-4ED3-8307-CE553567B858}.Release|Mixed Platforms.ActiveCfg = Release|Any CPU
		{973A752C-D629-4ED3-8307-CE553567B858}.Release|Mixed Platforms.Build.0 = Release|Any CPU
		{973A752C-D629-4ED3-8307-CE553567B858}.Release|Win32.ActiveCfg = Release|Any CPU
		{973A752C-D629-4ED3-8307-CE553567B858}.Release|x64.ActiveCfg = Release|Any CPU
		{973A752C-D629-4ED3-8307-CE553567B858}.Release|x86.ActiveCfg = Release|Any CPU
		{EEBB53F3-EBDF-4DD0-82E5-FF9A2C8DBD72}.Debug|Any CPU.ActiveCfg = Debug|Any CPU
		{EEBB53F3-EBDF-4DD0-82E5-FF9A2C8DBD72}.Debug|Any CPU.Build.0 = Debug|Any CPU
		{EEBB53F3-EBDF-4DD0-82E5-FF9A2C8DBD72}.Debug|Mixed Platforms.ActiveCfg = Debug|Any CPU
		{EEBB53F3-EBDF-4DD0-82E5-FF9A2C8DBD72}.Debug|Mixed Platforms.Build.0 = Debug|Any CPU
		{EEBB53F3-EBDF-4DD0-82E5-FF9A2C8DBD72}.Debug|Win32.ActiveCfg = Debug|Any CPU
		{EEBB53F3-EBDF-4DD0-82E5-FF9A2C8DBD72}.Debug|Win32.Build.0 = Debug|Any CPU
		{EEBB53F3-EBDF-4DD0-82E5-FF9A2C8DBD72}.Debug|x64.ActiveCfg = Debug|Any CPU
		{EEBB53F3-EBDF-4DD0-82E5-FF9A2C8DBD72}.Debug|x86.ActiveCfg = Debug|Any CPU
		{EEBB53F3-EBDF-4DD0-82E5-FF9A2C8DBD72}.Release|Any CPU.ActiveCfg = Release|Any CPU
		{EEBB53F3-EBDF-4DD0-82E5-FF9A2C8DBD72}.Release|Any CPU.Build.0 = Release|Any CPU
		{EEBB53F3-EBDF-4DD0-82E5-FF9A2C8DBD72}.Release|Mixed Platforms.ActiveCfg = Release|Any CPU
		{EEBB53F3-EBDF-4DD0-82E5-FF9A2C8DBD72}.Release|Mixed Platforms.Build.0 = Release|Any CPU
		{EEBB53F3-EBDF-4DD0-82E5-FF9A2C8DBD72}.Release|Win32.ActiveCfg = Release|Any CPU
		{EEBB53F3-EBDF-4DD0-82E5-FF9A2C8DBD72}.Release|x64.ActiveCfg = Release|Any CPU
		{EEBB53F3-EBDF-4DD0-82E5-FF9A2C8DBD72}.Release|x86.ActiveCfg = Release|Any CPU
		{9D3F208D-8BB4-47A9-8323-4CFD24314341}.Debug|Any CPU.ActiveCfg = Debug|Any CPU
		{9D3F208D-8BB4-47A9-8323-4CFD24314341}.Debug|Any CPU.Build.0 = Debug|Any CPU
		{9D3F208D-8BB4-47A9-8323-4CFD24314341}.Debug|Mixed Platforms.ActiveCfg = Debug|Any CPU
		{9D3F208D-8BB4-47A9-8323-4CFD24314341}.Debug|Mixed Platforms.Build.0 = Debug|Any CPU
		{9D3F208D-8BB4-47A9-8323-4CFD24314341}.Debug|Win32.ActiveCfg = Debug|Any CPU
		{9D3F208D-8BB4-47A9-8323-4CFD24314341}.Debug|Win32.Build.0 = Debug|Any CPU
		{9D3F208D-8BB4-47A9-8323-4CFD24314341}.Debug|x64.ActiveCfg = Debug|Any CPU
		{9D3F208D-8BB4-47A9-8323-4CFD24314341}.Debug|x86.ActiveCfg = Debug|Any CPU
		{9D3F208D-8BB4-47A9-8323-4CFD24314341}.Release|Any CPU.ActiveCfg = Release|Any CPU
		{9D3F208D-8BB4-47A9-8323-4CFD24314341}.Release|Any CPU.Build.0 = Release|Any CPU
		{9D3F208D-8BB4-47A9-8323-4CFD24314341}.Release|Mixed Platforms.ActiveCfg = Release|Any CPU
		{9D3F208D-8BB4-47A9-8323-4CFD24314341}.Release|Mixed Platforms.Build.0 = Release|Any CPU
		{9D3F208D-8BB4-47A9-8323-4CFD24314341}.Release|Win32.ActiveCfg = Release|Any CPU
		{9D3F208D-8BB4-47A9-8323-4CFD24314341}.Release|x64.ActiveCfg = Release|Any CPU
		{9D3F208D-8BB4-47A9-8323-4CFD24314341}.Release|x86.ActiveCfg = Release|Any CPU
		{31F6B895-4FF7-481B-B483-E0E6B63CC312}.Debug|Any CPU.ActiveCfg = Debug|Any CPU
		{31F6B895-4FF7-481B-B483-E0E6B63CC312}.Debug|Any CPU.Build.0 = Debug|Any CPU
		{31F6B895-4FF7-481B-B483-E0E6B63CC312}.Debug|Mixed Platforms.ActiveCfg = Debug|Any CPU
		{31F6B895-4FF7-481B-B483-E0E6B63CC312}.Debug|Mixed Platforms.Build.0 = Debug|Any CPU
		{31F6B895-4FF7-481B-B483-E0E6B63CC312}.Debug|Win32.ActiveCfg = Debug|Any CPU
		{31F6B895-4FF7-481B-B483-E0E6B63CC312}.Debug|Win32.Build.0 = Debug|Any CPU
		{31F6B895-4FF7-481B-B483-E0E6B63CC312}.Debug|x64.ActiveCfg = Debug|Any CPU
		{31F6B895-4FF7-481B-B483-E0E6B63CC312}.Debug|x86.ActiveCfg = Debug|Any CPU
		{31F6B895-4FF7-481B-B483-E0E6B63CC312}.Release|Any CPU.ActiveCfg = Release|Any CPU
		{31F6B895-4FF7-481B-B483-E0E6B63CC312}.Release|Any CPU.Build.0 = Release|Any CPU
		{31F6B895-4FF7-481B-B483-E0E6B63CC312}.Release|Mixed Platforms.ActiveCfg = Release|Any CPU
		{31F6B895-4FF7-481B-B483-E0E6B63CC312}.Release|Mixed Platforms.Build.0 = Release|Any CPU
		{31F6B895-4FF7-481B-B483-E0E6B63CC312}.Release|Win32.ActiveCfg = Release|Any CPU
		{31F6B895-4FF7-481B-B483-E0E6B63CC312}.Release|x64.ActiveCfg = Release|Any CPU
		{31F6B895-4FF7-481B-B483-E0E6B63CC312}.Release|x86.ActiveCfg = Release|Any CPU
		{C9460DD6-6958-42EA-A5F7-BB1E80AE1775}.Debug|Any CPU.ActiveCfg = Debug|Win32
		{C9460DD6-6958-42EA-A5F7-BB1E80AE1775}.Debug|Mixed Platforms.ActiveCfg = Debug|Win32
		{C9460DD6-6958-42EA-A5F7-BB1E80AE1775}.Debug|Mixed Platforms.Build.0 = Debug|Win32
		{C9460DD6-6958-42EA-A5F7-BB1E80AE1775}.Debug|Win32.ActiveCfg = Debug|Win32
		{C9460DD6-6958-42EA-A5F7-BB1E80AE1775}.Debug|Win32.Build.0 = Debug|Win32
		{C9460DD6-6958-42EA-A5F7-BB1E80AE1775}.Debug|x64.ActiveCfg = Debug|x64
		{C9460DD6-6958-42EA-A5F7-BB1E80AE1775}.Debug|x64.Build.0 = Debug|x64
		{C9460DD6-6958-42EA-A5F7-BB1E80AE1775}.Debug|x86.ActiveCfg = Debug|Win32
		{C9460DD6-6958-42EA-A5F7-BB1E80AE1775}.Debug|x86.Build.0 = Debug|Win32
		{C9460DD6-6958-42EA-A5F7-BB1E80AE1775}.Release|Any CPU.ActiveCfg = Release|Win32
		{C9460DD6-6958-42EA-A5F7-BB1E80AE1775}.Release|Mixed Platforms.ActiveCfg = Release|Win32
		{C9460DD6-6958-42EA-A5F7-BB1E80AE1775}.Release|Mixed Platforms.Build.0 = Release|Win32
		{C9460DD6-6958-42EA-A5F7-BB1E80AE1775}.Release|Win32.ActiveCfg = Release|Win32
		{C9460DD6-6958-42EA-A5F7-BB1E80AE1775}.Release|Win32.Build.0 = Release|Win32
		{C9460DD6-6958-42EA-A5F7-BB1E80AE1775}.Release|x64.ActiveCfg = Release|x64
		{C9460DD6-6958-42EA-A5F7-BB1E80AE1775}.Release|x64.Build.0 = Release|x64
		{C9460DD6-6958-42EA-A5F7-BB1E80AE1775}.Release|x86.ActiveCfg = Release|Win32
		{C9460DD6-6958-42EA-A5F7-BB1E80AE1775}.Release|x86.Build.0 = Release|Win32
	EndGlobalSection
	GlobalSection(SolutionProperties) = preSolution
		HideSolutionNode = FALSE
	EndGlobalSection
	GlobalSection(NestedProjects) = preSolution
		{42C00F2E-EFB2-4629-86FE-6A001D31270B} = {F862E7D6-509F-4603-8AC7-B2F9C0AF953A}
		{687EC36E-5B5F-4C62-8062-E18D6CD8EDB8} = {F862E7D6-509F-4603-8AC7-B2F9C0AF953A}
		{E75D14CF-3ADF-4BAD-81D8-D87FC554488C} = {087541FA-8C22-4A52-9D1D-D58230314E70}
		{3E62620F-EA68-4E3F-AC30-AFA1A2F7464A} = {087541FA-8C22-4A52-9D1D-D58230314E70}
		{FB0FC802-4FC5-4446-B2DD-48201C738DD1} = {087541FA-8C22-4A52-9D1D-D58230314E70}
		{2DE05B6E-23BF-440A-921D-79043CF14599} = {087541FA-8C22-4A52-9D1D-D58230314E70}
		{973A752C-D629-4ED3-8307-CE553567B858} = {087541FA-8C22-4A52-9D1D-D58230314E70}
		{EEBB53F3-EBDF-4DD0-82E5-FF9A2C8DBD72} = {087541FA-8C22-4A52-9D1D-D58230314E70}
		{9D3F208D-8BB4-47A9-8323-4CFD24314341} = {087541FA-8C22-4A52-9D1D-D58230314E70}
		{31F6B895-4FF7-481B-B483-E0E6B63CC312} = {087541FA-8C22-4A52-9D1D-D58230314E70}
		{C9460DD6-6958-42EA-A5F7-BB1E80AE1775} = {18DDA7AF-FE12-4F42-B64B-62915D6742E6}
	EndGlobalSection
EndGlobal
